
Microsoft Visual Studio Solution File, Format Version 12.00
# Visual Studio Version 16
VisualStudioVersion = 16.0.31205.134
MinimumVisualStudioVersion = 10.0.40219.1
Project("{FAE04EC0-301F-11D3-BF4B-00C04F79EFBC}") = "MethodOverloadingExercise", "MethodOverloadingExercise\MethodOverloadingExercise.csproj", "{5D30F03E-5048-48B0-B509-96655F16BC44}"
EndProject
Global
	GlobalSection(SolutionConfigurationPlatforms) = preSolution
		Debug|Any CPU = Debug|Any CPU
		Release|Any CPU = Release|Any CPU
	EndGlobalSection
	GlobalSection(ProjectConfigurationPlatforms) = postSolution
		{5D30F03E-5048-48B0-B509-96655F16BC44}.Debug|Any CPU.ActiveCfg = Debug|Any CPU
		{5D30F03E-5048-48B0-B509-96655F16BC44}.Debug|Any CPU.Build.0 = Debug|Any CPU
		{5D30F03E-5048-48B0-B509-96655F16BC44}.Release|Any CPU.ActiveCfg = Release|Any CPU
		{5D30F03E-5048-48B0-B509-96655F16BC44}.Release|Any CPU.Build.0 = Release|Any CPU
	EndGlobalSection
	GlobalSection(SolutionProperties) = preSolution
		HideSolutionNode = FALSE
	EndGlobalSection
	GlobalSection(ExtensibilityGlobals) = postSolution
		SolutionGuid = {20F1748D-FBD1-4D02-BB16-140FBF8D62C0}
	EndGlobalSection
EndGlobal
